{
  "name": "@kimen/sandbox-agent-clis",
  "version": "0.0.0",
  "lockfileVersion": 3,
  "requires": true,
  "packages": {
    "": {
      "name": "@kimen/sandbox-agent-clis",
      "version": "0.0.0",
      "license": "Apache-2.0",
      "dependencies": {
        "@anthropic-ai/claude-code": "2.1.251",
        "@openai/codex": "0.151.0",
        "playwright": "1.62.1"
      },
      "engines": {
        "node": ">=22.0.0"
      }
    },
    "node_modules/@anthropic-ai/claude-code": {
      "version": "2.1.251",
      "resolved": "https://registry.npmjs.org/@anthropic-ai/claude-code/-/claude-code-2.1.251.tgz",
      "integrity": "sha512-eG+ZPPpW2Dbmnntf1Fz9/T9ewS8I8SKfc1tcU2PqSwmftfjRPP7BXPaCyLuZ8kvgTdiPnJi/2/JnTvTRieneEQ==",
      "hasInstallScript": true,
      "license": "SEE LICENSE IN README.md",
      "bin": {
        "claude": "bin/claude.exe"
      },
      "engines": {
        "node": ">=22.0.0"
      },
      "optionalDependencies": {
        "@anthropic-ai/claude-code-darwin-arm64": "2.1.251",
        "@anthropic-ai/claude-code-darwin-x64": "2.1.251",
        "@anthropic-ai/claude-code-linux-arm64": "2.1.251",
        "@anthropic-ai/claude-code-linux-arm64-musl": "2.1.251",
        "@anthropic-ai/claude-code-linux-x64": "2.1.251",
        "@anthropic-ai/claude-code-linux-x64-musl": "2.1.251",
        "@anthropic-ai/claude-code-win32-arm64": "2.1.251",
        "@anthropic-ai/claude-code-win32-x64": "2.1.251"
      }
    },
    "node_modules/@anthropic-ai/claude-code-darwin-arm64": {
      "version": "2.1.251",
      "resolved": "https://registry.npmjs.org/@anthropic-ai/claude-code-darwin-arm64/-/claude-code-darwin-arm64-2.1.251.tgz",
      "integrity": "sha512-Qr5oMGVrOUyatsMlK0361OSnr3C785QBFIDoaiHMpaJ/nu/Ji2ccwI7nv0o54q3v3Y+zU9xbtEmcGxPRcR9ptA==",
      "cpu": [
        "arm64"
      ],
      "license": "SEE LICENSE IN LICENSE.md",
      "optional": true,
      "os": [
        "darwin"
      ]
    },
    "node_modules/@anthropic-ai/claude-code-darwin-x64": {
      "version": "2.1.251",
      "resolved": "https://registry.npmjs.org/@anthropic-ai/claude-code-darwin-x64/-/claude-code-darwin-x64-2.1.251.tgz",
      "integrity": "sha512-wDMj6uELqU/uUeXH3E+32R9Gyx6pxdffBmjCbP8CoGGN0VufEd88vXhIGK2P0XIsksSh3fJZdxS00EaQSpHYPw==",
      "cpu": [
        "x64"
      ],
      "license": "SEE LICENSE IN LICENSE.md",
      "optional": true,
      "os": [
        "darwin"
      ]
    },
    "node_modules/@anthropic-ai/claude-code-linux-arm64": {
      "version": "2.1.251",
      "resolved": "https://registry.npmjs.org/@anthropic-ai/claude-code-linux-arm64/-/claude-code-linux-arm64-2.1.251.tgz",
      "integrity": "sha512-h4EXRyV25yJfez40cTIoBlJptJqccP8nIDPdDMO9TDPUzZ6e5Y3OO9AgrfdMRAgccaTRsKfJenh7lA2D40nzdw==",
      "cpu": [
        "arm64"
      ],
      "libc": [
        "glibc"
      ],
      "license": "SEE LICENSE IN LICENSE.md",
      "optional": true,
      "os": [
        "linux"
      ]
    },
    "node_modules/@anthropic-ai/claude-code-linux-arm64-musl": {
      "version": "2.1.251",
      "resolved": "https://registry.npmjs.org/@anthropic-ai/claude-code-linux-arm64-musl/-/claude-code-linux-arm64-musl-2.1.251.tgz",
      "integrity": "sha512-VJAZGuGTaRQINdUS35qhkgZoK8R+0MciPHMG6KMTFHjLC8GKtxj47RmiWcCUAu+fJpEOsko0FLEBqvAbdOpkJg==",
      "cpu": [
        "arm64"
      ],
      "libc": [
        "musl"
      ],
      "license": "SEE LICENSE IN LICENSE.md",
      "optional": true,
      "os": [
        "linux"
      ]
    },
    "node_modules/@anthropic-ai/claude-code-linux-x64": {
      "version": "2.1.251",
      "resolved": "https://registry.npmjs.org/@anthropic-ai/claude-code-linux-x64/-/claude-code-linux-x64-2.1.251.tgz",
      "integrity": "sha512-HJyCY1ynzlsBk+N02IJeBNNZmzyd43lMuff49IXtbUDGHlf2XFHcxwYJEWCwIW51J3Hl4MvrqM6Ye8PGpJRIiA==",
      "cpu": [
        "x64"
      ],
      "libc": [
        "glibc"
      ],
      "license": "SEE LICENSE IN LICENSE.md",
      "optional": true,
      "os": [
        "linux"
      ]
    },
    "node_modules/@anthropic-ai/claude-code-linux-x64-musl": {
      "version": "2.1.251",
      "resolved": "https://registry.npmjs.org/@anthropic-ai/claude-code-linux-x64-musl/-/claude-code-linux-x64-musl-2.1.251.tgz",
      "integrity": "sha512-fuELyER/KyDie/iPimqHgZauPINBb+mWoYG7dXKxaxXlqCSmSI9YHzDVQ/1zSfiUnAU3FhbT1p9GNBqwJPikqA==",
      "cpu": [
        "x64"
      ],
      "libc": [
        "musl"
      ],
      "license": "SEE LICENSE IN LICENSE.md",
      "optional": true,
      "os": [
        "linux"
      ]
    },
    "node_modules/@anthropic-ai/claude-code-win32-arm64": {
      "version": "2.1.251",
      "resolved": "https://registry.npmjs.org/@anthropic-ai/claude-code-win32-arm64/-/claude-code-win32-arm64-2.1.251.tgz",
      "integrity": "sha512-6hkf7WoAk74WJuQ/epE+GKy5SJ7RU7kcpy3PRFHt6E1tiYNscihfZY1TMQ+AMQsDo1iFQFHbGITR95+vr3at+w==",
      "cpu": [
        "arm64"
      ],
      "license": "SEE LICENSE IN LICENSE.md",
      "optional": true,
      "os": [
        "win32"
      ]
    },
    "node_modules/@anthropic-ai/claude-code-win32-x64": {
      "version": "2.1.251",
      "resolved": "https://registry.npmjs.org/@anthropic-ai/claude-code-win32-x64/-/claude-code-win32-x64-2.1.251.tgz",
      "integrity": "sha512-fVXAvS2lCMJWD/lcyzzai5pcDQnlldGl8pwyGQ2vBxcuF8LS/7nVDqLOqTZsoAJ+VDKnlkPlPOJytDQEhTHHMQ==",
      "cpu": [
        "x64"
      ],
      "license": "SEE LICENSE IN LICENSE.md",
      "optional": true,
      "os": [
        "win32"
      ]
    },
    "node_modules/@openai/codex": {
      "version": "0.151.0",
      "resolved": "https://registry.npmjs.org/@openai/codex/-/codex-0.151.0.tgz",
      "integrity": "sha512-mhtWmOZRdmWD1jPbLDnQb59BsaVP/V+lXe/OFNR9ZcLZU0UCiBwn98Fcav1ss7sDIlHkuqj6nWd44IPeXoOhJA==",
      "license": "Apache-2.0",
      "bin": {
        "codex": "bin/codex.js"
      },
      "engines": {
        "node": ">=16"
      },
      "optionalDependencies": {
        "@openai/codex-darwin-arm64": "npm:@openai/codex@0.151.0-darwin-arm64",
        "@openai/codex-darwin-x64": "npm:@openai/codex@0.151.0-darwin-x64",
        "@openai/codex-linux-arm64": "npm:@openai/codex@0.151.0-linux-arm64",
        "@openai/codex-linux-x64": "npm:@openai/codex@0.151.0-linux-x64",
        "@openai/codex-win32-arm64": "npm:@openai/codex@0.151.0-win32-arm64",
        "@openai/codex-win32-x64": "npm:@openai/codex@0.151.0-win32-x64"
      }
    },
    "node_modules/@openai/codex-darwin-arm64": {
      "name": "@openai/codex",
      "version": "0.151.0-darwin-arm64",
      "resolved": "https://registry.npmjs.org/@openai/codex/-/codex-0.151.0-darwin-arm64.tgz",
      "integrity": "sha512-g7YzpaCZGCw19R/gly3vRPjnLqaW7JcBAu2WQQ6e8PIlvBPmS/gMplIUURMgNO6gi8LsPzdlQtLqkwoeOOlIdg==",
      "cpu": [
        "arm64"
      ],
      "license": "Apache-2.0",
      "optional": true,
      "os": [
        "darwin"
      ],
      "engines": {
        "node": ">=16"
      }
    },
    "node_modules/@openai/codex-darwin-x64": {
      "name": "@openai/codex",
      "version": "0.151.0-darwin-x64",
      "resolved": "https://registry.npmjs.org/@openai/codex/-/codex-0.151.0-darwin-x64.tgz",
      "integrity": "sha512-0y+g8TVpP+Fn10mjoKYXER6qYjn29w7xBUsbPXJ6Accu/FoM4Qp4WbKXQPmE0G0yUACTQVZRjzTSsdWUezNgkg==",
      "cpu": [
        "x64"
      ],
      "license": "Apache-2.0",
      "optional": true,
      "os": [
        "darwin"
      ],
      "engines": {
        "node": ">=16"
      }
    },
    "node_modules/@openai/codex-linux-arm64": {
      "name": "@openai/codex",
      "version": "0.151.0-linux-arm64",
      "resolved": "https://registry.npmjs.org/@openai/codex/-/codex-0.151.0-linux-arm64.tgz",
      "integrity": "sha512-CsLgFeX4TQ6I2Gdrxd2r5UbgIbDLCdtcLAlnMYjr06bCL057MTNGec7Ewb3+Z2DBiMuXCljdTBGqLOePkMV0sQ==",
      "cpu": [
        "arm64"
      ],
      "license": "Apache-2.0",
      "optional": true,
      "os": [
        "linux"
      ],
      "engines": {
        "node": ">=16"
      }
    },
    "node_modules/@openai/codex-linux-x64": {
      "name": "@openai/codex",
      "version": "0.151.0-linux-x64",
      "resolved": "https://registry.npmjs.org/@openai/codex/-/codex-0.151.0-linux-x64.tgz",
      "integrity": "sha512-xcVyY1FtwvVYhh2JBmz8fX8CQqFAxO/lxJ2IXsh8x5uwxZVHVl5fZHFHf8JdRaOGG0vpkYmu/DKKVoLd56/DDQ==",
      "cpu": [
        "x64"
      ],
      "license": "Apache-2.0",
      "optional": true,
      "os": [
        "linux"
      ],
      "engines": {
        "node": ">=16"
      }
    },
    "node_modules/@openai/codex-win32-arm64": {
      "name": "@openai/codex",
      "version": "0.151.0-win32-arm64",
      "resolved": "https://registry.npmjs.org/@openai/codex/-/codex-0.151.0-win32-arm64.tgz",
      "integrity": "sha512-zDWzOoh9wHm+Om1Nhn7os47rAVeSGPh0SnM3YOttdq6iPJz2zn4vBnbGUZjeih1qW/3mvNF3Oyd4owlaHmphmg==",
      "cpu": [
        "arm64"
      ],
      "license": "Apache-2.0",
      "optional": true,
      "os": [
        "win32"
      ],
      "engines": {
        "node": ">=16"
      }
    },
    "node_modules/@openai/codex-win32-x64": {
      "name": "@openai/codex",
      "version": "0.151.0-win32-x64",
      "resolved": "https://registry.npmjs.org/@openai/codex/-/codex-0.151.0-win32-x64.tgz",
      "integrity": "sha512-sLT7xvID3jhU6tkzcwRPnMEclKRwUPbpo0mtfxIF9KpdZH3VJV7sM2/kXWXyvUM7Zt/YeyOaeATTEysbRz8Yog==",
      "cpu": [
        "x64"
      ],
      "license": "Apache-2.0",
      "optional": true,
      "os": [
        "win32"
      ],
      "engines": {
        "node": ">=16"
      }
    },
    "node_modules/fsevents": {
      "version": "2.3.2",
      "resolved": "https://registry.npmjs.org/fsevents/-/fsevents-2.3.2.tgz",
      "integrity": "sha512-xiqMQR4xAeHTuB9uWm+fFRcIOgKBMiOBP+eXiyT7jsgVCq1bkVygt00oASowB7EdtpOHaaPgKt812P9ab+DDKA==",
      "hasInstallScript": true,
      "license": "MIT",
      "optional": true,
      "os": [
        "darwin"
      ],
      "engines": {
        "node": "^8.16.0 || ^10.6.0 || >=11.0.0"
      }
    },
    "node_modules/playwright": {
      "version": "1.62.1",
      "resolved": "https://registry.npmjs.org/playwright/-/playwright-1.62.1.tgz",
      "integrity": "sha512-0M+L3LAD8/nm554LOla9Ayx0j0tmFZ0FBcoQ7F1VuVHpM/XpiC8RcDzBQB8W5+hA8L22THxELzeF+2WcUzvcLg==",
      "license": "Apache-2.0",
      "dependencies": {
        "playwright-core": "1.62.1"
      },
      "bin": {
        "playwright": "cli.js"
      },
      "engines": {
        "node": ">=20"
      },
      "optionalDependencies": {
        "fsevents": "2.3.2"
      }
    },
    "node_modules/playwright-core": {
      "version": "1.62.1",
      "resolved": "https://registry.npmjs.org/playwright-core/-/playwright-core-1.62.1.tgz",
      "integrity": "sha512-wPYSwEBJY9GHraISXqyqtx0na0LpO3XEX7jNDhntbex7tzUS7kLnZsOlFruFJB4Hi/rhDMjXGqHewDZ68nYZVw==",
      "license": "Apache-2.0",
      "bin": {
        "playwright-core": "cli.js"
      },
      "engines": {
        "node": ">=20"
      }
    }
  }
}
