{
  "name": "@kimen/sandbox-agent-clis",
  "version": "0.0.0",
  "lockfileVersion": 3,
  "requires": true,
  "packages": {
    "": {
      "name": "@kimen/sandbox-agent-clis",
      "version": "0.0.0",
      "license": "Apache-2.0",
      "dependencies": {
        "@anthropic-ai/claude-code": "2.1.269",
        "@openai/codex": "0.154.0",
        "playwright": "1.63.0"
      },
      "engines": {
        "node": ">=22.0.0"
      }
    },
    "node_modules/@anthropic-ai/claude-code": {
      "version": "2.1.269",
      "resolved": "https://registry.npmjs.org/@anthropic-ai/claude-code/-/claude-code-2.1.269.tgz",
      "integrity": "sha512-osSbRU1KjlAfhVSgso7g+KxCr5DLNlfm7xeRPpm/c9s+7HGqQLHbkUYvjepbe6TiHJa9iSeirW/t7vW4sZhTIQ==",
      "hasInstallScript": true,
      "license": "SEE LICENSE IN README.md",
      "bin": {
        "claude": "bin/claude.exe"
      },
      "engines": {
        "node": ">=22.0.0"
      },
      "optionalDependencies": {
        "@anthropic-ai/claude-code-darwin-arm64": "2.1.269",
        "@anthropic-ai/claude-code-darwin-x64": "2.1.269",
        "@anthropic-ai/claude-code-linux-arm64": "2.1.269",
        "@anthropic-ai/claude-code-linux-arm64-musl": "2.1.269",
        "@anthropic-ai/claude-code-linux-x64": "2.1.269",
        "@anthropic-ai/claude-code-linux-x64-musl": "2.1.269",
        "@anthropic-ai/claude-code-win32-arm64": "2.1.269",
        "@anthropic-ai/claude-code-win32-x64": "2.1.269"
      }
    },
    "node_modules/@anthropic-ai/claude-code-darwin-arm64": {
      "version": "2.1.269",
      "resolved": "https://registry.npmjs.org/@anthropic-ai/claude-code-darwin-arm64/-/claude-code-darwin-arm64-2.1.269.tgz",
      "integrity": "sha512-xZjM2thYhj79vsSYqgbqR4vNmgcxv3r0ZiEPkLUiZiSonzTkok0QghEg+jJV0nEFA1c+yH3jEDxUGjSAesaoew==",
      "cpu": [
        "arm64"
      ],
      "license": "SEE LICENSE IN LICENSE.md",
      "optional": true,
      "os": [
        "darwin"
      ]
    },
    "node_modules/@anthropic-ai/claude-code-darwin-x64": {
      "version": "2.1.269",
      "resolved": "https://registry.npmjs.org/@anthropic-ai/claude-code-darwin-x64/-/claude-code-darwin-x64-2.1.269.tgz",
      "integrity": "sha512-oK3VSmkZc8jTe/Hb/e39zZ7rl4b3ubtImvsZtEERurZGfMkP7rX48O0X2jc2UDnkJFroFNP/gIF/sEHgergBVg==",
      "cpu": [
        "x64"
      ],
      "license": "SEE LICENSE IN LICENSE.md",
      "optional": true,
      "os": [
        "darwin"
      ]
    },
    "node_modules/@anthropic-ai/claude-code-linux-arm64": {
      "version": "2.1.269",
      "resolved": "https://registry.npmjs.org/@anthropic-ai/claude-code-linux-arm64/-/claude-code-linux-arm64-2.1.269.tgz",
      "integrity": "sha512-aFhjKAV8ihVlhyeXwRxzC9JpoDinXIMpJFbl+JW3Lc68XhCq5+O27qiryOV0RQ3MtUo1uxoOXrAhX3vUNGjUnA==",
      "cpu": [
        "arm64"
      ],
      "libc": [
        "glibc"
      ],
      "license": "SEE LICENSE IN LICENSE.md",
      "optional": true,
      "os": [
        "linux"
      ]
    },
    "node_modules/@anthropic-ai/claude-code-linux-arm64-musl": {
      "version": "2.1.269",
      "resolved": "https://registry.npmjs.org/@anthropic-ai/claude-code-linux-arm64-musl/-/claude-code-linux-arm64-musl-2.1.269.tgz",
      "integrity": "sha512-aw3/qf6LrCHDyFlUbVnFTqWDIG4RG0zPNwBsTZQSySXCjUQDGOer2Cfaa0rqb3dEkXHZLkbMYa5WlZ+X6qgq2Q==",
      "cpu": [
        "arm64"
      ],
      "libc": [
        "musl"
      ],
      "license": "SEE LICENSE IN LICENSE.md",
      "optional": true,
      "os": [
        "linux"
      ]
    },
    "node_modules/@anthropic-ai/claude-code-linux-x64": {
      "version": "2.1.269",
      "resolved": "https://registry.npmjs.org/@anthropic-ai/claude-code-linux-x64/-/claude-code-linux-x64-2.1.269.tgz",
      "integrity": "sha512-Ti+9oKbf2p9pJuMMj1Fv+6YzljREpy9cx6SN7NV7Zik/vaaXPxC8u+cDiGF7HnPPJ5HsLbmwKoh3BnE3IhdAeQ==",
      "cpu": [
        "x64"
      ],
      "libc": [
        "glibc"
      ],
      "license": "SEE LICENSE IN LICENSE.md",
      "optional": true,
      "os": [
        "linux"
      ]
    },
    "node_modules/@anthropic-ai/claude-code-linux-x64-musl": {
      "version": "2.1.269",
      "resolved": "https://registry.npmjs.org/@anthropic-ai/claude-code-linux-x64-musl/-/claude-code-linux-x64-musl-2.1.269.tgz",
      "integrity": "sha512-IrVhwtQk8DKEA390Ql3IPJbCRtMEVzhe2nZPJ3GOVZnCQJhhAX81KpB5We7PNW79ilr/yGAeMUFxTkbgyMhkBQ==",
      "cpu": [
        "x64"
      ],
      "libc": [
        "musl"
      ],
      "license": "SEE LICENSE IN LICENSE.md",
      "optional": true,
      "os": [
        "linux"
      ]
    },
    "node_modules/@anthropic-ai/claude-code-win32-arm64": {
      "version": "2.1.269",
      "resolved": "https://registry.npmjs.org/@anthropic-ai/claude-code-win32-arm64/-/claude-code-win32-arm64-2.1.269.tgz",
      "integrity": "sha512-hxcvPtDdnWI1G6eglYDS+2heuaREThljEwi0pZYi93jtBVr7+jn0o/Q35C4tnpmXaTt0sQYr8aZp6cOgIV4ilw==",
      "cpu": [
        "arm64"
      ],
      "license": "SEE LICENSE IN LICENSE.md",
      "optional": true,
      "os": [
        "win32"
      ]
    },
    "node_modules/@anthropic-ai/claude-code-win32-x64": {
      "version": "2.1.269",
      "resolved": "https://registry.npmjs.org/@anthropic-ai/claude-code-win32-x64/-/claude-code-win32-x64-2.1.269.tgz",
      "integrity": "sha512-kVW7UFGm7XqU7QvyksscCyiMOFDJhHSJX3M4YWBP9cde+Aj48K2LHnOvyM4aCO5mIPQl/j7tUVClUMQwsOf1tQ==",
      "cpu": [
        "x64"
      ],
      "license": "SEE LICENSE IN LICENSE.md",
      "optional": true,
      "os": [
        "win32"
      ]
    },
    "node_modules/@openai/codex": {
      "version": "0.154.0",
      "resolved": "https://registry.npmjs.org/@openai/codex/-/codex-0.154.0.tgz",
      "integrity": "sha512-FV/x1OHXYv/ifjf3mXj9ThTTAWcUZN6cGIRQRhRxkKNOPuImu1WW0c8ev1vUkE9XGH90dEnYG1tBjIkxRikg0w==",
      "license": "Apache-2.0",
      "bin": {
        "codex": "bin/codex.js"
      },
      "engines": {
        "node": ">=16"
      },
      "optionalDependencies": {
        "@openai/codex-darwin-arm64": "npm:@openai/codex@0.154.0-darwin-arm64",
        "@openai/codex-darwin-x64": "npm:@openai/codex@0.154.0-darwin-x64",
        "@openai/codex-linux-arm64": "npm:@openai/codex@0.154.0-linux-arm64",
        "@openai/codex-linux-x64": "npm:@openai/codex@0.154.0-linux-x64",
        "@openai/codex-win32-arm64": "npm:@openai/codex@0.154.0-win32-arm64",
        "@openai/codex-win32-x64": "npm:@openai/codex@0.154.0-win32-x64"
      }
    },
    "node_modules/@openai/codex-darwin-arm64": {
      "name": "@openai/codex",
      "version": "0.154.0-darwin-arm64",
      "resolved": "https://registry.npmjs.org/@openai/codex/-/codex-0.154.0-darwin-arm64.tgz",
      "integrity": "sha512-HP/vJCH/t2hB9Kg6hotN9UglClJ6/z584fal5lEP14C9gNAgAQS4/kTQC7l5V+BA3TqwDPwINSjul28cX8AYXg==",
      "cpu": [
        "arm64"
      ],
      "license": "Apache-2.0",
      "optional": true,
      "os": [
        "darwin"
      ],
      "engines": {
        "node": ">=16"
      }
    },
    "node_modules/@openai/codex-darwin-x64": {
      "name": "@openai/codex",
      "version": "0.154.0-darwin-x64",
      "resolved": "https://registry.npmjs.org/@openai/codex/-/codex-0.154.0-darwin-x64.tgz",
      "integrity": "sha512-2aqz+72Hop8PF2RYglQ4JnGjm3OlRIrTykJIT0hyLeUgM6NCFy09RgTmqRCoWliKQZjEn9jjZqUEp7QujAj77g==",
      "cpu": [
        "x64"
      ],
      "license": "Apache-2.0",
      "optional": true,
      "os": [
        "darwin"
      ],
      "engines": {
        "node": ">=16"
      }
    },
    "node_modules/@openai/codex-linux-arm64": {
      "name": "@openai/codex",
      "version": "0.154.0-linux-arm64",
      "resolved": "https://registry.npmjs.org/@openai/codex/-/codex-0.154.0-linux-arm64.tgz",
      "integrity": "sha512-KmTCB6ST484zeYlPpKP/K5P/gRaYmt6TihVD+zotoe6O9q0JSBP+FYvCz4A/zZXR7xDOHURTSjHp0sD8wWS0YQ==",
      "cpu": [
        "arm64"
      ],
      "license": "Apache-2.0",
      "optional": true,
      "os": [
        "linux"
      ],
      "engines": {
        "node": ">=16"
      }
    },
    "node_modules/@openai/codex-linux-x64": {
      "name": "@openai/codex",
      "version": "0.154.0-linux-x64",
      "resolved": "https://registry.npmjs.org/@openai/codex/-/codex-0.154.0-linux-x64.tgz",
      "integrity": "sha512-a4FI3A8sGtwGrOqltrPbrS2hajrHQG591EwmRfiRoLMb10VxdBtUGW4gu6IJVYENiYGA7k3P4jlRHEoCZU/s9Q==",
      "cpu": [
        "x64"
      ],
      "license": "Apache-2.0",
      "optional": true,
      "os": [
        "linux"
      ],
      "engines": {
        "node": ">=16"
      }
    },
    "node_modules/@openai/codex-win32-arm64": {
      "name": "@openai/codex",
      "version": "0.154.0-win32-arm64",
      "resolved": "https://registry.npmjs.org/@openai/codex/-/codex-0.154.0-win32-arm64.tgz",
      "integrity": "sha512-CRUmZnE0Y/a8aLMrrA681EytOGaPaF659wJAiI4I3hsbQjaeYBSPV7PkCjy4Qn5LR/fmwIUORVH+6JaBNQL+tw==",
      "cpu": [
        "arm64"
      ],
      "license": "Apache-2.0",
      "optional": true,
      "os": [
        "win32"
      ],
      "engines": {
        "node": ">=16"
      }
    },
    "node_modules/@openai/codex-win32-x64": {
      "name": "@openai/codex",
      "version": "0.154.0-win32-x64",
      "resolved": "https://registry.npmjs.org/@openai/codex/-/codex-0.154.0-win32-x64.tgz",
      "integrity": "sha512-Stg2KEJPIKVqPPR1wCverGOR4ey3RR3cvakR07w7FNKQUMzmHaOZomRsP2bR1qOT/67yHsks9rB+MCMfIWXcRA==",
      "cpu": [
        "x64"
      ],
      "license": "Apache-2.0",
      "optional": true,
      "os": [
        "win32"
      ],
      "engines": {
        "node": ">=16"
      }
    },
    "node_modules/playwright": {
      "version": "1.63.0",
      "resolved": "https://registry.npmjs.org/playwright/-/playwright-1.63.0.tgz",
      "integrity": "sha512-+7ziBLidS4NaNCdt57SUDT+wYmmd5fmiQejUic/kb+YsYSCPyOOE9sebzMjNmQrsnNpDJqd4WHvV/8lfKfUDUg==",
      "license": "Apache-2.0",
      "dependencies": {
        "playwright-core": "1.63.0"
      },
      "bin": {
        "playwright": "cli.js"
      },
      "engines": {
        "node": ">=20"
      }
    },
    "node_modules/playwright-core": {
      "version": "1.63.0",
      "resolved": "https://registry.npmjs.org/playwright-core/-/playwright-core-1.63.0.tgz",
      "integrity": "sha512-rYCsBF/M5HjUch52bbtVONEFjv6Xu8sm8h72dNlR5bzIE1fvC/bxgspzkjSfU+MweEMmPM8KJebG6nnyxo5mCg==",
      "license": "Apache-2.0",
      "bin": {
        "playwright-core": "cli.js"
      },
      "engines": {
        "node": ">=20"
      }
    }
  }
}
