{
  "name": "@kimen/sandbox-agent-clis",
  "version": "0.0.0",
  "lockfileVersion": 3,
  "requires": true,
  "packages": {
    "": {
      "name": "@kimen/sandbox-agent-clis",
      "version": "0.0.0",
      "license": "Apache-2.0",
      "dependencies": {
        "@anthropic-ai/claude-code": "2.1.283",
        "@openai/codex": "0.157.1",
        "playwright": "1.63.0"
      },
      "engines": {
        "node": ">=22.0.0"
      }
    },
    "node_modules/@anthropic-ai/claude-code": {
      "version": "2.1.283",
      "resolved": "https://registry.npmjs.org/@anthropic-ai/claude-code/-/claude-code-2.1.283.tgz",
      "integrity": "sha512-/8Y1pe7M15qMOU7RwUEjpFcM8XGVXNzWrWRXXp/0HlGm1k8FcOCxYMA9VR237JUUzzx5DkcQaGvELAo4si7TwA==",
      "hasInstallScript": true,
      "license": "SEE LICENSE IN README.md",
      "bin": {
        "claude": "bin/claude.exe"
      },
      "engines": {
        "node": ">=22.0.0"
      },
      "optionalDependencies": {
        "@anthropic-ai/claude-code-darwin-arm64": "2.1.283",
        "@anthropic-ai/claude-code-darwin-x64": "2.1.283",
        "@anthropic-ai/claude-code-linux-arm64": "2.1.283",
        "@anthropic-ai/claude-code-linux-arm64-musl": "2.1.283",
        "@anthropic-ai/claude-code-linux-x64": "2.1.283",
        "@anthropic-ai/claude-code-linux-x64-musl": "2.1.283",
        "@anthropic-ai/claude-code-win32-arm64": "2.1.283",
        "@anthropic-ai/claude-code-win32-x64": "2.1.283"
      }
    },
    "node_modules/@anthropic-ai/claude-code-darwin-arm64": {
      "version": "2.1.283",
      "resolved": "https://registry.npmjs.org/@anthropic-ai/claude-code-darwin-arm64/-/claude-code-darwin-arm64-2.1.283.tgz",
      "integrity": "sha512-GczpJ+FvnOYvxn6XPGHbdqJEZMves6Vc0WKS/g1N2eG39EKKAHxG77e+w4Rjtmf8xgCxNY36Jf/IOfbcyus4zA==",
      "cpu": [
        "arm64"
      ],
      "license": "SEE LICENSE IN LICENSE.md",
      "optional": true,
      "os": [
        "darwin"
      ]
    },
    "node_modules/@anthropic-ai/claude-code-darwin-x64": {
      "version": "2.1.283",
      "resolved": "https://registry.npmjs.org/@anthropic-ai/claude-code-darwin-x64/-/claude-code-darwin-x64-2.1.283.tgz",
      "integrity": "sha512-yL10X6RsEbc7O5cO9H9dDkQef8owqxShDsE32Z4L712vlVIM2qaYuhvgmn/n2Ra0Y2VmwkoMy6+36+/5vnYlqg==",
      "cpu": [
        "x64"
      ],
      "license": "SEE LICENSE IN LICENSE.md",
      "optional": true,
      "os": [
        "darwin"
      ]
    },
    "node_modules/@anthropic-ai/claude-code-linux-arm64": {
      "version": "2.1.283",
      "resolved": "https://registry.npmjs.org/@anthropic-ai/claude-code-linux-arm64/-/claude-code-linux-arm64-2.1.283.tgz",
      "integrity": "sha512-1hGh4eQHoxNJSfA/0/id5lXFdO5yRScwtUlBNMu1fPxUSwiFosLQjPDv/KdgfVZ3xjVtqJWPbjtKQ1TsxfpcDg==",
      "cpu": [
        "arm64"
      ],
      "libc": [
        "glibc"
      ],
      "license": "SEE LICENSE IN LICENSE.md",
      "optional": true,
      "os": [
        "linux"
      ]
    },
    "node_modules/@anthropic-ai/claude-code-linux-arm64-musl": {
      "version": "2.1.283",
      "resolved": "https://registry.npmjs.org/@anthropic-ai/claude-code-linux-arm64-musl/-/claude-code-linux-arm64-musl-2.1.283.tgz",
      "integrity": "sha512-JcZDkbhkSdyuwSmZUlzEXOQiIn4U8vGwbxkU/MoFymU93RfmpmOUnj3TZALyNll0t86b0IpiYCXWFfaKu7ZUUw==",
      "cpu": [
        "arm64"
      ],
      "libc": [
        "musl"
      ],
      "license": "SEE LICENSE IN LICENSE.md",
      "optional": true,
      "os": [
        "linux"
      ]
    },
    "node_modules/@anthropic-ai/claude-code-linux-x64": {
      "version": "2.1.283",
      "resolved": "https://registry.npmjs.org/@anthropic-ai/claude-code-linux-x64/-/claude-code-linux-x64-2.1.283.tgz",
      "integrity": "sha512-q9+Ke42t/I6oLb/bTmh6sI24jMw4KNwz3QbQLp9dVQ8ipQChfAW5L11SX8jcDzVCW/P2tId7ftI+lgBURvz9uQ==",
      "cpu": [
        "x64"
      ],
      "libc": [
        "glibc"
      ],
      "license": "SEE LICENSE IN LICENSE.md",
      "optional": true,
      "os": [
        "linux"
      ]
    },
    "node_modules/@anthropic-ai/claude-code-linux-x64-musl": {
      "version": "2.1.283",
      "resolved": "https://registry.npmjs.org/@anthropic-ai/claude-code-linux-x64-musl/-/claude-code-linux-x64-musl-2.1.283.tgz",
      "integrity": "sha512-OrIYVYkqfszCu5w0aeVSCRBjJdvXkAOmqmtYjIWWy0ZcUGP14VkD3wtEPi/iELdYsGQutAkY5Y/5bMewftURug==",
      "cpu": [
        "x64"
      ],
      "libc": [
        "musl"
      ],
      "license": "SEE LICENSE IN LICENSE.md",
      "optional": true,
      "os": [
        "linux"
      ]
    },
    "node_modules/@anthropic-ai/claude-code-win32-arm64": {
      "version": "2.1.283",
      "resolved": "https://registry.npmjs.org/@anthropic-ai/claude-code-win32-arm64/-/claude-code-win32-arm64-2.1.283.tgz",
      "integrity": "sha512-y/zroDb121XZ9m0tQ+y6JTWX/wjAKChcCziFmQhrHQ7FteOSkD0lJSgmwT292ghDWeM69ZwV0ongd21IitNpyA==",
      "cpu": [
        "arm64"
      ],
      "license": "SEE LICENSE IN LICENSE.md",
      "optional": true,
      "os": [
        "win32"
      ]
    },
    "node_modules/@anthropic-ai/claude-code-win32-x64": {
      "version": "2.1.283",
      "resolved": "https://registry.npmjs.org/@anthropic-ai/claude-code-win32-x64/-/claude-code-win32-x64-2.1.283.tgz",
      "integrity": "sha512-XzfHFpTbCWd0paru/fv0heHH8cfcxM9DkyOcB+B3taoUBpnhygnw5DzSq3/00kvt+BuNbibpIctiSWu2NHaEEQ==",
      "cpu": [
        "x64"
      ],
      "license": "SEE LICENSE IN LICENSE.md",
      "optional": true,
      "os": [
        "win32"
      ]
    },
    "node_modules/@openai/codex": {
      "version": "0.157.1",
      "resolved": "https://registry.npmjs.org/@openai/codex/-/codex-0.157.1.tgz",
      "integrity": "sha512-qJ/UZ0bmYP+/Umav1L9WpmtMYeA6q1+4r4qILSYOKQZhP7WRdjyTQWz3O0dTImZ9RT7AazZa85D87xRDHogcHw==",
      "license": "Apache-2.0",
      "bin": {
        "codex": "bin/codex.js"
      },
      "engines": {
        "node": ">=16"
      },
      "optionalDependencies": {
        "@openai/codex-darwin-arm64": "npm:@openai/codex@0.157.1-darwin-arm64",
        "@openai/codex-darwin-x64": "npm:@openai/codex@0.157.1-darwin-x64",
        "@openai/codex-linux-arm64": "npm:@openai/codex@0.157.1-linux-arm64",
        "@openai/codex-linux-x64": "npm:@openai/codex@0.157.1-linux-x64",
        "@openai/codex-win32-arm64": "npm:@openai/codex@0.157.1-win32-arm64",
        "@openai/codex-win32-x64": "npm:@openai/codex@0.157.1-win32-x64"
      }
    },
    "node_modules/@openai/codex-darwin-arm64": {
      "name": "@openai/codex",
      "version": "0.157.1-darwin-arm64",
      "resolved": "https://registry.npmjs.org/@openai/codex/-/codex-0.157.1-darwin-arm64.tgz",
      "integrity": "sha512-62/e4TZ34z93KK3FYIHmo/K88aH0JRPA8x7SAVBdK4iG9f9HPO2tsDrJcmOj9z6DrFpMvPEVymomCbYpqN+ylQ==",
      "cpu": [
        "arm64"
      ],
      "license": "Apache-2.0",
      "optional": true,
      "os": [
        "darwin"
      ],
      "engines": {
        "node": ">=16"
      }
    },
    "node_modules/@openai/codex-darwin-x64": {
      "name": "@openai/codex",
      "version": "0.157.1-darwin-x64",
      "resolved": "https://registry.npmjs.org/@openai/codex/-/codex-0.157.1-darwin-x64.tgz",
      "integrity": "sha512-PscZvqKD4zlaSw1nM5Sh4lU1M+01sr4b3qzGx8pf+4OLyULg1z1yAyTR1c35C3t62H8DXy/14y7oazTR3JMMKA==",
      "cpu": [
        "x64"
      ],
      "license": "Apache-2.0",
      "optional": true,
      "os": [
        "darwin"
      ],
      "engines": {
        "node": ">=16"
      }
    },
    "node_modules/@openai/codex-linux-arm64": {
      "name": "@openai/codex",
      "version": "0.157.1-linux-arm64",
      "resolved": "https://registry.npmjs.org/@openai/codex/-/codex-0.157.1-linux-arm64.tgz",
      "integrity": "sha512-nEaBZT3ldrtqUNaBlvI+Y+fg+LbNCTsQjbUnl7Q45rl9vSSqHU2vRj1l6iJDwupZkrpeIJ/ClHIwxgMKv1SKHg==",
      "cpu": [
        "arm64"
      ],
      "license": "Apache-2.0",
      "optional": true,
      "os": [
        "linux"
      ],
      "engines": {
        "node": ">=16"
      }
    },
    "node_modules/@openai/codex-linux-x64": {
      "name": "@openai/codex",
      "version": "0.157.1-linux-x64",
      "resolved": "https://registry.npmjs.org/@openai/codex/-/codex-0.157.1-linux-x64.tgz",
      "integrity": "sha512-Eac8XlC0nCXSeUjDU9l8yLJ6P9evv1mO+AnvILoNwlegBC7B3AVXqJ05QcMhQX7RcJ3Lk2618ykCb2X2ui8VAQ==",
      "cpu": [
        "x64"
      ],
      "license": "Apache-2.0",
      "optional": true,
      "os": [
        "linux"
      ],
      "engines": {
        "node": ">=16"
      }
    },
    "node_modules/@openai/codex-win32-arm64": {
      "name": "@openai/codex",
      "version": "0.157.1-win32-arm64",
      "resolved": "https://registry.npmjs.org/@openai/codex/-/codex-0.157.1-win32-arm64.tgz",
      "integrity": "sha512-tFkxdrSXPUDQXXp3JwTxNOgI17RQcexyuaZTiNmL1A/UaVtVmVBNe+8cBk3r8b7dLpaoWFbjPwL7p5SBCrkLQg==",
      "cpu": [
        "arm64"
      ],
      "license": "Apache-2.0",
      "optional": true,
      "os": [
        "win32"
      ],
      "engines": {
        "node": ">=16"
      }
    },
    "node_modules/@openai/codex-win32-x64": {
      "name": "@openai/codex",
      "version": "0.157.1-win32-x64",
      "resolved": "https://registry.npmjs.org/@openai/codex/-/codex-0.157.1-win32-x64.tgz",
      "integrity": "sha512-vgqs/VRXNwhLYMsZDgYfnRSXpRh5Nm782L8lacGskw86kOxbMaquvQKxkuZHUBrJA2XGcksB7rMUHy1XaCJgrA==",
      "cpu": [
        "x64"
      ],
      "license": "Apache-2.0",
      "optional": true,
      "os": [
        "win32"
      ],
      "engines": {
        "node": ">=16"
      }
    },
    "node_modules/playwright": {
      "version": "1.63.0",
      "resolved": "https://registry.npmjs.org/playwright/-/playwright-1.63.0.tgz",
      "integrity": "sha512-+7ziBLidS4NaNCdt57SUDT+wYmmd5fmiQejUic/kb+YsYSCPyOOE9sebzMjNmQrsnNpDJqd4WHvV/8lfKfUDUg==",
      "license": "Apache-2.0",
      "dependencies": {
        "playwright-core": "1.63.0"
      },
      "bin": {
        "playwright": "cli.js"
      },
      "engines": {
        "node": ">=20"
      }
    },
    "node_modules/playwright-core": {
      "version": "1.63.0",
      "resolved": "https://registry.npmjs.org/playwright-core/-/playwright-core-1.63.0.tgz",
      "integrity": "sha512-rYCsBF/M5HjUch52bbtVONEFjv6Xu8sm8h72dNlR5bzIE1fvC/bxgspzkjSfU+MweEMmPM8KJebG6nnyxo5mCg==",
      "license": "Apache-2.0",
      "bin": {
        "playwright-core": "cli.js"
      },
      "engines": {
        "node": ">=20"
      }
    }
  }
}
